
Microsoft Visual Studio Solution File, Format Version 12.00
# Visual Studio 15
VisualStudioVersion = 15.0.28307.1831
MinimumVisualStudioVersion = 10.0.40219.1
Project("{FAE04EC0-301F-11D3-BF4B-00C04F79EFBC}") = "ReactInWebForm", "ReactInWebForm\ReactInWebForm.csproj", "{5E9DD4FC-5823-4D49-AA85-E8C00DE98FAB}"
EndProject
Global
	GlobalSection(SolutionConfigurationPlatforms) = preSolution
		Debug|Any CPU = Debug|Any CPU
		Release|Any CPU = Release|Any CPU
	EndGlobalSection
	GlobalSection(ProjectConfigurationPlatforms) = postSolution
		{5E9DD4FC-5823-4D49-AA85-E8C00DE98FAB}.Debug|Any CPU.ActiveCfg = Debug|Any CPU
		{5E9DD4FC-5823-4D49-AA85-E8C00DE98FAB}.Debug|Any CPU.Build.0 = Debug|Any CPU
		{5E9DD4FC-5823-4D49-AA85-E8C00DE98FAB}.Release|Any CPU.ActiveCfg = Release|Any CPU
		{5E9DD4FC-5823-4D49-AA85-E8C00DE98FAB}.Release|Any CPU.Build.0 = Release|Any CPU
	EndGlobalSection
	GlobalSection(SolutionProperties) = preSolution
		HideSolutionNode = FALSE
	EndGlobalSection
	GlobalSection(ExtensibilityGlobals) = postSolution
		VisualSVNWorkingCopyRoot = .
		SolutionGuid = {CDD41929-4F16-4A03-AECB-F1417DAB4310}
	EndGlobalSection
EndGlobal
